github.com/gorilla/websocket v1.4.1/go.mod h1:YR8l580nyteQvAITg2hZ9XVh4b55+EU/adAjf1fMHhE=
github.com/nametake/golangci-lint-langserver v0.0.11 h1:MFWhWn49q1SBvyM/8gggAy0Tn4RGdTNLowQB2/Ww+bk=
github.com/nametake/golangci-lint-langserver v0.0.11/go.mod h1:TKCnN7nsG7pOxowvJ8Y8kCcdlLrAlDcz2Iq2z7fq61M=
github.com/sourcegraph/jsonrpc2 v0.2.0 h1:KjN/dC4fP6aN9030MZCJs9WQbTOjWHhrtKVpzzSrr/U=
github.com/sourcegraph/jsonrpc2 v0.2.0/go.mod h1:ZafdZgk/axhT1cvZAPOhw+95nz2I/Ra5qMlU4gTRwIo=
